
Microsoft Visual Studio Solution File, Format Version 12.00
# Visual Studio Version 17
VisualStudioVersion = 17.0.31903.59
MinimumVisualStudioVersion = 10.0.40219.1
Project("{FAE04EC0-301F-11D3-BF4B-00C04F79EFBC}") = "BusinessLogic", "BusinessLogic\BusinessLogic.csproj", "{4EFBFA9F-BC06-4677-BF85-5C8095E2353F}"
EndProject
Project("{FAE04EC0-301F-11D3-BF4B-00C04F79EFBC}") = "DataStorage", "DataStorage\DataStorage.csproj", "{1A759AE8-93EE-45C3-883D-817CDA68F5D6}"
EndProject
Project("{FAE04EC0-301F-11D3-BF4B-00C04F79EFBC}") = "LibraryApi", "LibraryApi\LibraryApi.csproj", "{667A508A-0487-4A29-8D1E-C2236E7CF2EE}"
EndProject
Project("{FAE04EC0-301F-11D3-BF4B-00C04F79EFBC}") = "BusinessModels", "BusinessModels\BusinessModels.csproj", "{B0795764-B660-4C50-A0E6-05E10688BB39}"
EndProject
Project("{FAE04EC0-301F-11D3-BF4B-00C04F79EFBC}") = "DataStorageClient", "DataStorageClient\DataStorageClient.csproj", "{05A2256D-45E6-49D3-AB51-BDA6F5B5C079}"
EndProject
Project("{FAE04EC0-301F-11D3-BF4B-00C04F79EFBC}") = "DataStorageContracts", "DataStorageContracts\DataStorageContracts.csproj", "{D395C2F0-9948-4C6B-AEBA-6FE85DE9BBB8}"
EndProject
Project("{FAE04EC0-301F-11D3-BF4B-00C04F79EFBC}") = "BusinessLogic.Tests", "BusinessLogic.Tests\BusinessLogic.Tests.csproj", "{81DAC5CD-5018-49F4-82B6-29079FBD4FEC}"
EndProject
Global
	GlobalSection(SolutionConfigurationPlatforms) = preSolution
		Debug|Any CPU = Debug|Any CPU
		Release|Any CPU = Release|Any CPU
	EndGlobalSection
	GlobalSection(SolutionProperties) = preSolution
		HideSolutionNode = FALSE
	EndGlobalSection
	GlobalSection(ProjectConfigurationPlatforms) = postSolution
		{4EFBFA9F-BC06-4677-BF85-5C8095E2353F}.Debug|Any CPU.ActiveCfg = Debug|Any CPU
		{4EFBFA9F-BC06-4677-BF85-5C8095E2353F}.Debug|Any CPU.Build.0 = Debug|Any CPU
		{4EFBFA9F-BC06-4677-BF85-5C8095E2353F}.Release|Any CPU.ActiveCfg = Release|Any CPU
		{4EFBFA9F-BC06-4677-BF85-5C8095E2353F}.Release|Any CPU.Build.0 = Release|Any CPU
		{1A759AE8-93EE-45C3-883D-817CDA68F5D6}.Debug|Any CPU.ActiveCfg = Debug|Any CPU
		{1A759AE8-93EE-45C3-883D-817CDA68F5D6}.Debug|Any CPU.Build.0 = Debug|Any CPU
		{1A759AE8-93EE-45C3-883D-817CDA68F5D6}.Release|Any CPU.ActiveCfg = Release|Any CPU
		{1A759AE8-93EE-45C3-883D-817CDA68F5D6}.Release|Any CPU.Build.0 = Release|Any CPU
		{667A508A-0487-4A29-8D1E-C2236E7CF2EE}.Debug|Any CPU.ActiveCfg = Debug|Any CPU
		{667A508A-0487-4A29-8D1E-C2236E7CF2EE}.Debug|Any CPU.Build.0 = Debug|Any CPU
		{667A508A-0487-4A29-8D1E-C2236E7CF2EE}.Release|Any CPU.ActiveCfg = Release|Any CPU
		{667A508A-0487-4A29-8D1E-C2236E7CF2EE}.Release|Any CPU.Build.0 = Release|Any CPU
		{B0795764-B660-4C50-A0E6-05E10688BB39}.Debug|Any CPU.ActiveCfg = Debug|Any CPU
		{B0795764-B660-4C50-A0E6-05E10688BB39}.Debug|Any CPU.Build.0 = Debug|Any CPU
		{B0795764-B660-4C50-A0E6-05E10688BB39}.Release|Any CPU.ActiveCfg = Release|Any CPU
		{B0795764-B660-4C50-A0E6-05E10688BB39}.Release|Any CPU.Build.0 = Release|Any CPU
		{05A2256D-45E6-49D3-AB51-BDA6F5B5C079}.Debug|Any CPU.ActiveCfg = Debug|Any CPU
		{05A2256D-45E6-49D3-AB51-BDA6F5B5C079}.Debug|Any CPU.Build.0 = Debug|Any CPU
		{05A2256D-45E6-49D3-AB51-BDA6F5B5C079}.Release|Any CPU.ActiveCfg = Release|Any CPU
		{05A2256D-45E6-49D3-AB51-BDA6F5B5C079}.Release|Any CPU.Build.0 = Release|Any CPU
		{D395C2F0-9948-4C6B-AEBA-6FE85DE9BBB8}.Debug|Any CPU.ActiveCfg = Debug|Any CPU
		{D395C2F0-9948-4C6B-AEBA-6FE85DE9BBB8}.Debug|Any CPU.Build.0 = Debug|Any CPU
		{D395C2F0-9948-4C6B-AEBA-6FE85DE9BBB8}.Release|Any CPU.ActiveCfg = Release|Any CPU
		{D395C2F0-9948-4C6B-AEBA-6FE85DE9BBB8}.Release|Any CPU.Build.0 = Release|Any CPU
		{81DAC5CD-5018-49F4-82B6-29079FBD4FEC}.Debug|Any CPU.ActiveCfg = Debug|Any CPU
		{81DAC5CD-5018-49F4-82B6-29079FBD4FEC}.Debug|Any CPU.Build.0 = Debug|Any CPU
		{81DAC5CD-5018-49F4-82B6-29079FBD4FEC}.Release|Any CPU.ActiveCfg = Release|Any CPU
		{81DAC5CD-5018-49F4-82B6-29079FBD4FEC}.Release|Any CPU.Build.0 = Release|Any CPU
	EndGlobalSection
EndGlobal
